{
    "version": 3,
    "terraform_version": "0.11.8",
    "serial": 12,
    "lineage": "68995cee-628e-0189-5148-fa6251b518fa",
    "modules": [
        {
            "path": [
                "root"
            ],
            "outputs": {
                "azure_service_principal_id": {
                    "sensitive": false,
                    "type": "string",
                    "value": "4ead9366-56cf-45ae-b0bb-9c9eaf6f7791"
                },
                "azure_service_principal_secret": {
                    "sensitive": false,
                    "type": "string",
                    "value": "s6ga3wyw4J+SPTj1hj1GEk8urhUTEUIv56/pTFyi9qE="
                },
                "azure_subscription_id": {
                    "sensitive": false,
                    "type": "string",
                    "value": "f5ead5f6-71f4-43b3-98ab-75d14ae7a00b"
                },
                "azure_tenant_id": {
                    "sensitive": false,
                    "type": "string",
                    "value": "9c64a0df-9e54-4428-8bae-3a56001295c7"
                },
                "cluster_name": {
                    "sensitive": false,
                    "type": "string",
                    "value": "k8sdev"
                },
                "ingress_ip": {
                    "sensitive": false,
                    "type": "string",
                    "value": "52.232.98.158"
                },
                "resource_group": {
                    "sensitive": false,
                    "type": "string",
                    "value": "seb-k8s-dev"
                }
            },
            "resources": {
                "helm_release.capture_order": {
                    "type": "helm_release",
                    "depends_on": [
                        "module.cluster"
                    ],
                    "primary": {
                        "id": "kubernetes-dashboard",
                        "attributes": {
                            "chart": "../../helm/captureorder",
                            "disable_webhooks": "false",
                            "force_update": "true",
                            "id": "kubernetes-dashboard",
                            "keyring": "/Users/rameezk/.gnupg/pubring.gpg",
                            "metadata.#": "1",
                            "metadata.0.chart": "captureorder",
                            "metadata.0.name": "kubernetes-dashboard",
                            "metadata.0.namespace": "hackathon",
                            "metadata.0.revision": "1",
                            "metadata.0.status": "DEPLOYED",
                            "metadata.0.values": "{}\n",
                            "metadata.0.version": "1.0.0",
                            "name": "kubernetes-dashboard",
                            "namespace": "hackathon",
                            "recreate_pods": "true",
                            "reuse": "false",
                            "reuse_values": "false",
                            "timeout": "300",
                            "verify": "false",
                            "version": "1.0.0"
                        },
                        "meta": {},
                        "tainted": false
                    },
                    "deposed": [],
                    "provider": "provider.helm"
                },
                "helm_release.mongo": {
                    "type": "helm_release",
                    "depends_on": [
                        "module.cluster"
                    ],
                    "primary": {
                        "id": "mongo",
                        "attributes": {
                            "chart": "stable/mongodb",
                            "disable_webhooks": "false",
                            "force_update": "true",
                            "id": "mongo",
                            "keyring": "/Users/rameezk/.gnupg/pubring.gpg",
                            "metadata.#": "1",
                            "metadata.0.chart": "mongodb",
                            "metadata.0.name": "mongo",
                            "metadata.0.namespace": "hackathon",
                            "metadata.0.revision": "1",
                            "metadata.0.status": "DEPLOYED",
                            "metadata.0.values": "mongodbDatabase: order\nmongodbPassword: paradise\nmongodbRootPassword: paradiseroot\nmongodbUsername: paradise\n",
                            "metadata.0.version": "4.3.5",
                            "name": "mongo",
                            "namespace": "hackathon",
                            "recreate_pods": "true",
                            "reuse": "false",
                            "reuse_values": "false",
                            "set.#": "4",
                            "set.1669166297.name": "mongodbDatabase",
                            "set.1669166297.value": "order",
                            "set.260682168.name": "mongodbUsername",
                            "set.260682168.value": "paradise",
                            "set.2632970062.name": "mongodbPassword",
                            "set.2632970062.value": "paradise",
                            "set.76470300.name": "mongodbRootPassword",
                            "set.76470300.value": "paradiseroot",
                            "timeout": "300",
                            "verify": "false",
                            "version": "4.3.5"
                        },
                        "meta": {},
                        "tainted": false
                    },
                    "deposed": [],
                    "provider": "provider.helm"
                }
            },
            "depends_on": []
        },
        {
            "path": [
                "root",
                "cluster"
            ],
            "outputs": {
                "azure_service_principal_id": {
                    "sensitive": true,
                    "type": "string",
                    "value": "4ead9366-56cf-45ae-b0bb-9c9eaf6f7791"
                },
                "azure_service_principal_secret": {
                    "sensitive": true,
                    "type": "string",
                    "value": "s6ga3wyw4J+SPTj1hj1GEk8urhUTEUIv56/pTFyi9qE="
                },
                "azure_subscription_id": {
                    "sensitive": true,
                    "type": "string",
                    "value": "f5ead5f6-71f4-43b3-98ab-75d14ae7a00b"
                },
                "azure_tenant_id": {
                    "sensitive": true,
                    "type": "string",
                    "value": "9c64a0df-9e54-4428-8bae-3a56001295c7"
                },
                "cluster_name": {
                    "sensitive": false,
                    "type": "string",
                    "value": "k8sdev"
                },
                "environment": {
                    "sensitive": false,
                    "type": "string",
                    "value": "dev"
                },
                "ingress_ip": {
                    "sensitive": false,
                    "type": "string",
                    "value": "52.232.98.158"
                },
                "resource_group": {
                    "sensitive": false,
                    "type": "string",
                    "value": "seb-k8s-dev"
                }
            },
            "resources": {
                "azurerm_resource_group.k8cluster": {
                    "type": "azurerm_resource_group",
                    "depends_on": [],
                    "primary": {
                        "id": "/subscriptions/f5ead5f6-71f4-43b3-98ab-75d14ae7a00b/resourceGroups/seb-k8s-dev",
                        "attributes": {
                            "id": "/subscriptions/f5ead5f6-71f4-43b3-98ab-75d14ae7a00b/resourceGroups/seb-k8s-dev",
                            "location": "westeurope",
                            "name": "seb-k8s-dev",
                            "tags.%": "2",
                            "tags.created-by": "terraform",
                            "tags.environment": "dev"
                        },
                        "meta": {},
                        "tainted": false
                    },
                    "deposed": [],
                    "provider": "module.cluster.provider.azurerm"
                },
                "data.azurerm_public_ips.ingress_ip": {
                    "type": "azurerm_public_ips",
                    "depends_on": [
                        "null_resource.ingress_controller"
                    ],
                    "primary": {
                        "id": "2018-09-29 10:14:15.166305978 +0000 UTC",
                        "attributes": {
                            "id": "2018-09-29 10:14:15.166305978 +0000 UTC",
                            "public_ips.#": "1",
                            "public_ips.0.domain_name_label": "paradis-pd-aks-ingress",
                            "public_ips.0.fqdn": "paradis-pd-aks-ingress.westeurope.cloudapp.azure.com",
                            "public_ips.0.id": "/subscriptions/f5ead5f6-71f4-43b3-98ab-75d14ae7a00b/resourceGroups/MC_seb-k8s-dev_k8sdev_westeurope/providers/Microsoft.Network/publicIPAddresses/kubernetes-a63c46bdbc3ca11e88c6342647d8614e",
                            "public_ips.0.ip_address": "52.232.98.158",
                            "public_ips.0.name": "kubernetes-a63c46bdbc3ca11e88c6342647d8614e",
                            "resource_group_name": "MC_seb-k8s-dev_k8sdev_westeurope"
                        },
                        "meta": {},
                        "tainted": false
                    },
                    "deposed": [],
                    "provider": "module.cluster.provider.azurerm"
                },
                "null_resource.az_cli_k8cluster": {
                    "type": "null_resource",
                    "depends_on": [
                        "azurerm_resource_group.k8cluster",
                        "null_resource.az_cli_login"
                    ],
                    "primary": {
                        "id": "9204963818367182756",
                        "attributes": {
                            "id": "9204963818367182756",
                            "triggers.%": "1",
                            "triggers.environment": "dev"
                        },
                        "meta": {},
                        "tainted": false
                    },
                    "deposed": [],
                    "provider": "provider.null"
                },
                "null_resource.az_cli_login": {
                    "type": "null_resource",
                    "depends_on": [],
                    "primary": {
                        "id": "5544309797039509774",
                        "attributes": {
                            "id": "5544309797039509774",
                            "triggers.%": "1",
                            "triggers.timestamp": "2018-09-29T10:14:13Z"
                        },
                        "meta": {},
                        "tainted": false
                    },
                    "deposed": [],
                    "provider": "provider.null"
                },
                "null_resource.cert_manager": {
                    "type": "null_resource",
                    "depends_on": [
                        "null_resource.ingress_controller",
                        "null_resource.kubectl_admin_credentials"
                    ],
                    "primary": {
                        "id": "491485160184640362",
                        "attributes": {
                            "id": "491485160184640362"
                        },
                        "meta": {},
                        "tainted": false
                    },
                    "deposed": [],
                    "provider": "provider.null"
                },
                "null_resource.cluster_issuer": {
                    "type": "null_resource",
                    "depends_on": [
                        "null_resource.cert_manager",
                        "null_resource.initialise_helm",
                        "null_resource.kubectl_admin_credentials"
                    ],
                    "primary": {
                        "id": "9219827417306435887",
                        "attributes": {
                            "id": "9219827417306435887",
                            "triggers.%": "1",
                            "triggers.environment": "dev"
                        },
                        "meta": {},
                        "tainted": false
                    },
                    "deposed": [],
                    "provider": "provider.null"
                },
                "null_resource.configure_dns_for_ip": {
                    "type": "null_resource",
                    "depends_on": [
                        "data.azurerm_public_ips.ingress_ip",
                        "null_resource.ingress_controller"
                    ],
                    "primary": {
                        "id": "8394907301824406230",
                        "attributes": {
                            "id": "8394907301824406230"
                        },
                        "meta": {},
                        "tainted": false
                    },
                    "deposed": [],
                    "provider": "provider.null"
                },
                "null_resource.helmK8sServiceAccount": {
                    "type": "null_resource",
                    "depends_on": [
                        "null_resource.kubectl_admin_credentials"
                    ],
                    "primary": {
                        "id": "8332367916154737124",
                        "attributes": {
                            "id": "8332367916154737124",
                            "triggers.%": "1",
                            "triggers.environment": "dev"
                        },
                        "meta": {},
                        "tainted": false
                    },
                    "deposed": [],
                    "provider": "provider.null"
                },
                "null_resource.ingress_controller": {
                    "type": "null_resource",
                    "depends_on": [
                        "null_resource.initialise_helm",
                        "null_resource.kubectl_admin_credentials"
                    ],
                    "primary": {
                        "id": "538312786423023129",
                        "attributes": {
                            "id": "538312786423023129"
                        },
                        "meta": {},
                        "tainted": false
                    },
                    "deposed": [],
                    "provider": "provider.null"
                },
                "null_resource.initialise_helm": {
                    "type": "null_resource",
                    "depends_on": [
                        "null_resource.helmK8sServiceAccount",
                        "null_resource.kubectl_admin_credentials"
                    ],
                    "primary": {
                        "id": "2549853499638141715",
                        "attributes": {
                            "id": "2549853499638141715",
                            "triggers.%": "1",
                            "triggers.environment": "dev"
                        },
                        "meta": {},
                        "tainted": false
                    },
                    "deposed": [],
                    "provider": "provider.null"
                },
                "null_resource.k8sAADadminGroup": {
                    "type": "null_resource",
                    "depends_on": [
                        "null_resource.kubectl_admin_credentials"
                    ],
                    "primary": {
                        "id": "8760413735105456774",
                        "attributes": {
                            "id": "8760413735105456774",
                            "triggers.%": "1",
                            "triggers.group_id": "6ba5839f-fc8b-4ae9-b26d-ae71df5d1145"
                        },
                        "meta": {},
                        "tainted": false
                    },
                    "deposed": [],
                    "provider": "provider.null"
                },
                "null_resource.kubectl_admin_credentials": {
                    "type": "null_resource",
                    "depends_on": [
                        "azurerm_resource_group.k8cluster",
                        "null_resource.az_cli_k8cluster"
                    ],
                    "primary": {
                        "id": "5665903267621166201",
                        "attributes": {
                            "id": "5665903267621166201",
                            "triggers.%": "1",
                            "triggers.timestamp": "2018-09-29T10:14:13Z"
                        },
                        "meta": {},
                        "tainted": false
                    },
                    "deposed": [],
                    "provider": "provider.null"
                }
            },
            "depends_on": []
        }
    ]
}
