{
    "version": 3,
    "terraform_version": "0.11.8",
    "serial": 3,
    "lineage": "68995cee-628e-0189-5148-fa6251b518fa",
    "modules": [
        {
            "path": [
                "root"
            ],
            "outputs": {
                "azure_service_principal_id": {
                    "sensitive": false,
                    "type": "string",
                    "value": "4ead9366-56cf-45ae-b0bb-9c9eaf6f7791"
                },
                "azure_service_principal_secret": {
                    "sensitive": false,
                    "type": "string",
                    "value": "s6ga3wyw4J+SPTj1hj1GEk8urhUTEUIv56/pTFyi9qE="
                },
                "azure_subscription_id": {
                    "sensitive": false,
                    "type": "string",
                    "value": "f5ead5f6-71f4-43b3-98ab-75d14ae7a00b"
                },
                "azure_tenant_id": {
                    "sensitive": false,
                    "type": "string",
                    "value": "9c64a0df-9e54-4428-8bae-3a56001295c7"
                },
                "cluster_name": {
                    "sensitive": false,
                    "type": "string",
                    "value": "k8sdev"
                },
                "resource_group": {
                    "sensitive": false,
                    "type": "string",
                    "value": "seb-k8s-dev"
                }
            },
            "resources": {},
            "depends_on": []
        },
        {
            "path": [
                "root",
                "cluster"
            ],
            "outputs": {
                "azure_service_principal_id": {
                    "sensitive": true,
                    "type": "string",
                    "value": "4ead9366-56cf-45ae-b0bb-9c9eaf6f7791"
                },
                "azure_service_principal_secret": {
                    "sensitive": true,
                    "type": "string",
                    "value": "s6ga3wyw4J+SPTj1hj1GEk8urhUTEUIv56/pTFyi9qE="
                },
                "azure_subscription_id": {
                    "sensitive": true,
                    "type": "string",
                    "value": "f5ead5f6-71f4-43b3-98ab-75d14ae7a00b"
                },
                "azure_tenant_id": {
                    "sensitive": true,
                    "type": "string",
                    "value": "9c64a0df-9e54-4428-8bae-3a56001295c7"
                },
                "cluster_name": {
                    "sensitive": false,
                    "type": "string",
                    "value": "k8sdev"
                },
                "environment": {
                    "sensitive": false,
                    "type": "string",
                    "value": "dev"
                },
                "resource_group": {
                    "sensitive": false,
                    "type": "string",
                    "value": "seb-k8s-dev"
                }
            },
            "resources": {
                "azurerm_resource_group.k8cluster": {
                    "type": "azurerm_resource_group",
                    "depends_on": [],
                    "primary": {
                        "id": "/subscriptions/f5ead5f6-71f4-43b3-98ab-75d14ae7a00b/resourceGroups/seb-k8s-dev",
                        "attributes": {
                            "id": "/subscriptions/f5ead5f6-71f4-43b3-98ab-75d14ae7a00b/resourceGroups/seb-k8s-dev",
                            "location": "westeurope",
                            "name": "seb-k8s-dev",
                            "tags.%": "2",
                            "tags.created-by": "terraform",
                            "tags.environment": "dev"
                        },
                        "meta": {},
                        "tainted": false
                    },
                    "deposed": [],
                    "provider": "module.cluster.provider.azurerm"
                },
                "null_resource.az_cli_k8cluster": {
                    "type": "null_resource",
                    "depends_on": [
                        "azurerm_resource_group.k8cluster",
                        "null_resource.az_cli_login"
                    ],
                    "primary": {
                        "id": "5043468228577519355",
                        "attributes": {
                            "id": "5043468228577519355",
                            "triggers.%": "1",
                            "triggers.environment": "dev"
                        },
                        "meta": {},
                        "tainted": true
                    },
                    "deposed": [],
                    "provider": "provider.null"
                },
                "null_resource.az_cli_login": {
                    "type": "null_resource",
                    "depends_on": [],
                    "primary": {
                        "id": "3817760985191034443",
                        "attributes": {
                            "id": "3817760985191034443",
                            "triggers.%": "1",
                            "triggers.timestamp": "2018-09-29T09:09:07Z"
                        },
                        "meta": {},
                        "tainted": false
                    },
                    "deposed": [],
                    "provider": "provider.null"
                }
            },
            "depends_on": []
        }
    ]
}
