{
    "version": 3,
    "terraform_version": "0.11.8",
    "serial": 7,
    "lineage": "68995cee-628e-0189-5148-fa6251b518fa",
    "modules": [
        {
            "path": [
                "root"
            ],
            "outputs": {
                "azure_service_principal_id": {
                    "sensitive": false,
                    "type": "string",
                    "value": "4ead9366-56cf-45ae-b0bb-9c9eaf6f7791"
                },
                "azure_service_principal_secret": {
                    "sensitive": false,
                    "type": "string",
                    "value": "s6ga3wyw4J+SPTj1hj1GEk8urhUTEUIv56/pTFyi9qE="
                },
                "azure_subscription_id": {
                    "sensitive": false,
                    "type": "string",
                    "value": "f5ead5f6-71f4-43b3-98ab-75d14ae7a00b"
                },
                "azure_tenant_id": {
                    "sensitive": false,
                    "type": "string",
                    "value": "9c64a0df-9e54-4428-8bae-3a56001295c7"
                },
                "cluster_name": {
                    "sensitive": false,
                    "type": "string",
                    "value": "k8sdev"
                },
                "ingress_ip": {
                    "sensitive": false,
                    "type": "string",
                    "value": "52.232.98.158"
                },
                "resource_group": {
                    "sensitive": false,
                    "type": "string",
                    "value": "seb-k8s-dev"
                }
            },
            "resources": {},
            "depends_on": []
        },
        {
            "path": [
                "root",
                "cluster"
            ],
            "outputs": {
                "azure_service_principal_id": {
                    "sensitive": true,
                    "type": "string",
                    "value": "4ead9366-56cf-45ae-b0bb-9c9eaf6f7791"
                },
                "azure_service_principal_secret": {
                    "sensitive": true,
                    "type": "string",
                    "value": "s6ga3wyw4J+SPTj1hj1GEk8urhUTEUIv56/pTFyi9qE="
                },
                "azure_subscription_id": {
                    "sensitive": true,
                    "type": "string",
                    "value": "f5ead5f6-71f4-43b3-98ab-75d14ae7a00b"
                },
                "azure_tenant_id": {
                    "sensitive": true,
                    "type": "string",
                    "value": "9c64a0df-9e54-4428-8bae-3a56001295c7"
                },
                "cluster_name": {
                    "sensitive": false,
                    "type": "string",
                    "value": "k8sdev"
                },
                "environment": {
                    "sensitive": false,
                    "type": "string",
                    "value": "dev"
                },
                "ingress_ip": {
                    "sensitive": false,
                    "type": "string",
                    "value": "52.232.98.158"
                },
                "resource_group": {
                    "sensitive": false,
                    "type": "string",
                    "value": "seb-k8s-dev"
                }
            },
            "resources": {
                "azurerm_resource_group.k8cluster": {
                    "type": "azurerm_resource_group",
                    "depends_on": [],
                    "primary": {
                        "id": "/subscriptions/f5ead5f6-71f4-43b3-98ab-75d14ae7a00b/resourceGroups/seb-k8s-dev",
                        "attributes": {
                            "id": "/subscriptions/f5ead5f6-71f4-43b3-98ab-75d14ae7a00b/resourceGroups/seb-k8s-dev",
                            "location": "westeurope",
                            "name": "seb-k8s-dev",
                            "tags.%": "2",
                            "tags.created-by": "terraform",
                            "tags.environment": "dev"
                        },
                        "meta": {},
                        "tainted": false
                    },
                    "deposed": [],
                    "provider": "module.cluster.provider.azurerm"
                },
                "data.azurerm_public_ips.ingress_ip": {
                    "type": "azurerm_public_ips",
                    "depends_on": [
                        "null_resource.ingress_controller"
                    ],
                    "primary": {
                        "id": "2018-09-29 09:31:09.29436575 +0000 UTC",
                        "attributes": {
                            "id": "2018-09-29 09:31:09.29436575 +0000 UTC",
                            "public_ips.#": "1",
                            "public_ips.0.domain_name_label": "",
                            "public_ips.0.fqdn": "",
                            "public_ips.0.id": "/subscriptions/f5ead5f6-71f4-43b3-98ab-75d14ae7a00b/resourceGroups/MC_seb-k8s-dev_k8sdev_westeurope/providers/Microsoft.Network/publicIPAddresses/kubernetes-a63c46bdbc3ca11e88c6342647d8614e",
                            "public_ips.0.ip_address": "52.232.98.158",
                            "public_ips.0.name": "kubernetes-a63c46bdbc3ca11e88c6342647d8614e",
                            "resource_group_name": "MC_seb-k8s-dev_k8sdev_westeurope"
                        },
                        "meta": {},
                        "tainted": false
                    },
                    "deposed": [],
                    "provider": "module.cluster.provider.azurerm"
                },
                "null_resource.az_cli_k8cluster": {
                    "type": "null_resource",
                    "depends_on": [
                        "azurerm_resource_group.k8cluster",
                        "null_resource.az_cli_login"
                    ],
                    "primary": {
                        "id": "9204963818367182756",
                        "attributes": {
                            "id": "9204963818367182756",
                            "triggers.%": "1",
                            "triggers.environment": "dev"
                        },
                        "meta": {},
                        "tainted": false
                    },
                    "deposed": [],
                    "provider": "provider.null"
                },
                "null_resource.az_cli_login": {
                    "type": "null_resource",
                    "depends_on": [],
                    "primary": {
                        "id": "5756395388153977166",
                        "attributes": {
                            "id": "5756395388153977166",
                            "triggers.%": "1",
                            "triggers.timestamp": "2018-09-29T09:30:53Z"
                        },
                        "meta": {},
                        "tainted": false
                    },
                    "deposed": [],
                    "provider": "provider.null"
                },
                "null_resource.cert_manager": {
                    "type": "null_resource",
                    "depends_on": [
                        "null_resource.ingress_controller",
                        "null_resource.kubectl_admin_credentials"
                    ],
                    "primary": {
                        "id": "491485160184640362",
                        "attributes": {
                            "id": "491485160184640362"
                        },
                        "meta": {},
                        "tainted": false
                    },
                    "deposed": [],
                    "provider": "provider.null"
                },
                "null_resource.cluster_issuer": {
                    "type": "null_resource",
                    "depends_on": [
                        "null_resource.cert_manager",
                        "null_resource.initialise_helm",
                        "null_resource.kubectl_admin_credentials"
                    ],
                    "primary": {
                        "id": "9219827417306435887",
                        "attributes": {
                            "id": "9219827417306435887",
                            "triggers.%": "1",
                            "triggers.environment": "dev"
                        },
                        "meta": {},
                        "tainted": false
                    },
                    "deposed": [],
                    "provider": "provider.null"
                },
                "null_resource.configure_dns_for_ip": {
                    "type": "null_resource",
                    "depends_on": [
                        "data.azurerm_public_ips.ingress_ip",
                        "null_resource.ingress_controller"
                    ],
                    "primary": {
                        "id": "8755454177319147781",
                        "attributes": {
                            "id": "8755454177319147781"
                        },
                        "meta": {},
                        "tainted": true
                    },
                    "deposed": [],
                    "provider": "provider.null"
                },
                "null_resource.helmK8sServiceAccount": {
                    "type": "null_resource",
                    "depends_on": [
                        "null_resource.kubectl_admin_credentials"
                    ],
                    "primary": {
                        "id": "8332367916154737124",
                        "attributes": {
                            "id": "8332367916154737124",
                            "triggers.%": "1",
                            "triggers.environment": "dev"
                        },
                        "meta": {},
                        "tainted": false
                    },
                    "deposed": [],
                    "provider": "provider.null"
                },
                "null_resource.ingress_controller": {
                    "type": "null_resource",
                    "depends_on": [
                        "null_resource.initialise_helm",
                        "null_resource.kubectl_admin_credentials"
                    ],
                    "primary": {
                        "id": "538312786423023129",
                        "attributes": {
                            "id": "538312786423023129"
                        },
                        "meta": {},
                        "tainted": false
                    },
                    "deposed": [],
                    "provider": "provider.null"
                },
                "null_resource.initialise_helm": {
                    "type": "null_resource",
                    "depends_on": [
                        "null_resource.helmK8sServiceAccount",
                        "null_resource.kubectl_admin_credentials"
                    ],
                    "primary": {
                        "id": "2549853499638141715",
                        "attributes": {
                            "id": "2549853499638141715",
                            "triggers.%": "1",
                            "triggers.environment": "dev"
                        },
                        "meta": {},
                        "tainted": false
                    },
                    "deposed": [],
                    "provider": "provider.null"
                },
                "null_resource.k8sAADadminGroup": {
                    "type": "null_resource",
                    "depends_on": [
                        "null_resource.kubectl_admin_credentials"
                    ],
                    "primary": {
                        "id": "8760413735105456774",
                        "attributes": {
                            "id": "8760413735105456774",
                            "triggers.%": "1",
                            "triggers.group_id": "6ba5839f-fc8b-4ae9-b26d-ae71df5d1145"
                        },
                        "meta": {},
                        "tainted": false
                    },
                    "deposed": [],
                    "provider": "provider.null"
                },
                "null_resource.kubectl_admin_credentials": {
                    "type": "null_resource",
                    "depends_on": [
                        "azurerm_resource_group.k8cluster",
                        "null_resource.az_cli_k8cluster"
                    ],
                    "primary": {
                        "id": "3163843828034474484",
                        "attributes": {
                            "id": "3163843828034474484",
                            "triggers.%": "1",
                            "triggers.timestamp": "2018-09-29T09:30:53Z"
                        },
                        "meta": {},
                        "tainted": false
                    },
                    "deposed": [],
                    "provider": "provider.null"
                }
            },
            "depends_on": []
        }
    ]
}
